// !$*UTF8*$!
{
	archiveVersion = 1;
	classes = {
	};
	objectVersion = 50;
	objects = {

/* Begin PBXBuildFile section */
		9535669D26355F56006045D5 /* Card.swift in Sources */ = {isa = PBXBuildFile; fileRef = 9535669C26355F56006045D5 /* Card.swift */; };
		953566A226355FA5006045D5 /* Game.swift in Sources */ = {isa = PBXBuildFile; fileRef = 953566A126355FA5006045D5 /* Game.swift */; };
		955634F7263541A700445021 /* AppDelegate.swift in Sources */ = {isa = PBXBuildFile; fileRef = 955634F6263541A700445021 /* AppDelegate.swift */; };
		955634F9263541A700445021 /* SceneDelegate.swift in Sources */ = {isa = PBXBuildFile; fileRef = 955634F8263541A700445021 /* SceneDelegate.swift */; };
		955634FB263541A700445021 /* ViewController.swift in Sources */ = {isa = PBXBuildFile; fileRef = 955634FA263541A700445021 /* ViewController.swift */; };
		955634FE263541A700445021 /* Main.storyboard in Resources */ = {isa = PBXBuildFile; fileRef = 955634FC263541A700445021 /* Main.storyboard */; };
		95563500263541AA00445021 /* Assets.xcassets in Resources */ = {isa = PBXBuildFile; fileRef = 955634FF263541AA00445021 /* Assets.xcassets */; };
		95563503263541AA00445021 /* LaunchScreen.storyboard in Resources */ = {isa = PBXBuildFile; fileRef = 95563501263541AA00445021 /* LaunchScreen.storyboard */; };
		9556350E263541AA00445021 /* AlamogTests.swift in Sources */ = {isa = PBXBuildFile; fileRef = 9556350D263541AA00445021 /* AlamogTests.swift */; };
		95563519263541AA00445021 /* AlamogUITests.swift in Sources */ = {isa = PBXBuildFile; fileRef = 95563518263541AA00445021 /* AlamogUITests.swift */; };
/* End PBXBuildFile section */

/* Begin PBXContainerItemProxy section */
		9556350A263541AA00445021 /* PBXContainerItemProxy */ = {
			isa = PBXContainerItemProxy;
			containerPortal = 955634EB263541A700445021 /* Project object */;
			proxyType = 1;
			remoteGlobalIDString = 955634F2263541A700445021;
			remoteInfo = Alamog;
		};
		95563515263541AA00445021 /* PBXContainerItemProxy */ = {
			isa = PBXContainerItemProxy;
			containerPortal = 955634EB263541A700445021 /* Project object */;
			proxyType = 1;
			remoteGlobalIDString = 955634F2263541A700445021;
			remoteInfo = Alamog;
		};
/* End PBXContainerItemProxy section */

/* Begin PBXFileReference section */
		9535669C26355F56006045D5 /* Card.swift */ = {isa = PBXFileReference; lastKnownFileType = sourcecode.swift; path = Card.swift; sourceTree = "<group>"; };
		953566A126355FA5006045D5 /* Game.swift */ = {isa = PBXFileReference; lastKnownFileType = sourcecode.swift; path = Game.swift; sourceTree = "<group>"; };
		955634F3263541A700445021 /* Alamog.app */ = {isa = PBXFileReference; explicitFileType = wrapper.application; includeInIndex = 0; path = Alamog.app; sourceTree = BUILT_PRODUCTS_DIR; };
		955634F6263541A700445021 /* AppDelegate.swift */ = {isa = PBXFileReference; lastKnownFileType = sourcecode.swift; path = AppDelegate.swift; sourceTree = "<group>"; };
		955634F8263541A700445021 /* SceneDelegate.swift */ = {isa = PBXFileReference; lastKnownFileType = sourcecode.swift; path = SceneDelegate.swift; sourceTree = "<group>"; };
		955634FA263541A700445021 /* ViewController.swift */ = {isa = PBXFileReference; lastKnownFileType = sourcecode.swift; path = ViewController.swift; sourceTree = "<group>"; };
		955634FD263541A700445021 /* Base */ = {isa = PBXFileReference; lastKnownFileType = file.storyboard; name = Base; path = Base.lproj/Main.storyboard; sourceTree = "<group>"; };
		955634FF263541AA00445021 /* Assets.xcassets */ = {isa = PBXFileReference; lastKnownFileType = folder.assetcatalog; path = Assets.xcassets; sourceTree = "<group>"; };
		95563502263541AA00445021 /* Base */ = {isa = PBXFileReference; lastKnownFileType = file.storyboard; name = Base; path = Base.lproj/LaunchScreen.storyboard; sourceTree = "<group>"; };
		95563504263541AA00445021 /* Info.plist */ = {isa = PBXFileReference; lastKnownFileType = text.plist.xml; path = Info.plist; sourceTree = "<group>"; };
		95563509263541AA00445021 /* AlamogTests.xctest */ = {isa = PBXFileReference; explicitFileType = wrapper.cfbundle; includeInIndex = 0; path = AlamogTests.xctest; sourceTree = BUILT_PRODUCTS_DIR; };
		9556350D263541AA00445021 /* AlamogTests.swift */ = {isa = PBXFileReference; lastKnownFileType = sourcecode.swift; path = AlamogTests.swift; sourceTree = "<group>"; };
		9556350F263541AA00445021 /* Info.plist */ = {isa = PBXFileReference; lastKnownFileType = text.plist.xml; path = Info.plist; sourceTree = "<group>"; };
		95563514263541AA00445021 /* AlamogUITests.xctest */ = {isa = PBXFileReference; explicitFileType = wrapper.cfbundle; includeInIndex = 0; path = AlamogUITests.xctest; sourceTree = BUILT_PRODUCTS_DIR; };
		95563518263541AA00445021 /* AlamogUITests.swift */ = {isa = PBXFileReference; lastKnownFileType = sourcecode.swift; path = AlamogUITests.swift; sourceTree = "<group>"; };
		9556351A263541AA00445021 /* Info.plist */ = {isa = PBXFileReference; lastKnownFileType = text.plist.xml; path = Info.plist; sourceTree = "<group>"; };
/* End PBXFileReference section */

/* Begin PBXFrameworksBuildPhase section */
		955634F0263541A700445021 /* Frameworks */ = {
			isa = PBXFrameworksBuildPhase;
			buildActionMask = 2147483647;
			files = (
			);
			runOnlyForDeploymentPostprocessing = 0;
		};
		95563506263541AA00445021 /* Frameworks */ = {
			isa = PBXFrameworksBuildPhase;
			buildActionMask = 2147483647;
			files = (
			);
			runOnlyForDeploymentPostprocessing = 0;
		};
		95563511263541AA00445021 /* Frameworks */ = {
			isa = PBXFrameworksBuildPhase;
			buildActionMask = 2147483647;
			files = (
			);
			runOnlyForDeploymentPostprocessing = 0;
		};
/* End PBXFrameworksBuildPhase section */

/* Begin PBXGroup section */
		955634EA263541A700445021 = {
			isa = PBXGroup;
			children = (
				955634F5263541A700445021 /* Alamog */,
				9556350C263541AA00445021 /* AlamogTests */,
				95563517263541AA00445021 /* AlamogUITests */,
				955634F4263541A700445021 /* Products */,
			);
			sourceTree = "<group>";
		};
		955634F4263541A700445021 /* Products */ = {
			isa = PBXGroup;
			children = (
				955634F3263541A700445021 /* Alamog.app */,
				95563509263541AA00445021 /* AlamogTests.xctest */,
				95563514263541AA00445021 /* AlamogUITests.xctest */,
			);
			name = Products;
			sourceTree = "<group>";
		};
		955634F5263541A700445021 /* Alamog */ = {
			isa = PBXGroup;
			children = (
				955634F6263541A700445021 /* AppDelegate.swift */,
				955634F8263541A700445021 /* SceneDelegate.swift */,
				955634FA263541A700445021 /* ViewController.swift */,
				955634FC263541A700445021 /* Main.storyboard */,
				955634FF263541AA00445021 /* Assets.xcassets */,
				95563501263541AA00445021 /* LaunchScreen.storyboard */,
				95563504263541AA00445021 /* Info.plist */,
				9535669C26355F56006045D5 /* Card.swift */,
				953566A126355FA5006045D5 /* Game.swift */,
			);
			path = Alamog;
			sourceTree = "<group>";
		};
		9556350C263541AA00445021 /* AlamogTests */ = {
			isa = PBXGroup;
			children = (
				9556350D263541AA00445021 /* AlamogTests.swift */,
				9556350F263541AA00445021 /* Info.plist */,
			);
			path = AlamogTests;
			sourceTree = "<group>";
		};
		95563517263541AA00445021 /* AlamogUITests */ = {
			isa = PBXGroup;
			children = (
				95563518263541AA00445021 /* AlamogUITests.swift */,
				9556351A263541AA00445021 /* Info.plist */,
			);
			path = AlamogUITests;
			sourceTree = "<group>";
		};
/* End PBXGroup section */

/* Begin PBXNativeTarget section */
		955634F2263541A700445021 /* Alamog */ = {
			isa = PBXNativeTarget;
			buildConfigurationList = 9556351D263541AA00445021 /* Build configuration list for PBXNativeTarget "Alamog" */;
			buildPhases = (
				955634EF263541A700445021 /* Sources */,
				955634F0263541A700445021 /* Frameworks */,
				955634F1263541A700445021 /* Resources */,
			);
			buildRules = (
			);
			dependencies = (
			);
			name = Alamog;
			productName = Alamog;
			productReference = 955634F3263541A700445021 /* Alamog.app */;
			productType = "com.apple.product-type.application";
		};
		95563508263541AA00445021 /* AlamogTests */ = {
			isa = PBXNativeTarget;
			buildConfigurationList = 95563520263541AA00445021 /* Build configuration list for PBXNativeTarget "AlamogTests" */;
			buildPhases = (
				95563505263541AA00445021 /* Sources */,
				95563506263541AA00445021 /* Frameworks */,
				95563507263541AA00445021 /* Resources */,
			);
			buildRules = (
			);
			dependencies = (
				9556350B263541AA00445021 /* PBXTargetDependency */,
			);
			name = AlamogTests;
			productName = AlamogTests;
			productReference = 95563509263541AA00445021 /* AlamogTests.xctest */;
			productType = "com.apple.product-type.bundle.unit-test";
		};
		95563513263541AA00445021 /* AlamogUITests */ = {
			isa = PBXNativeTarget;
			buildConfigurationList = 95563523263541AA00445021 /* Build configuration list for PBXNativeTarget "AlamogUITests" */;
			buildPhases = (
				95563510263541AA00445021 /* Sources */,
				95563511263541AA00445021 /* Frameworks */,
				95563512263541AA00445021 /* Resources */,
			);
			buildRules = (
			);
			dependencies = (
				95563516263541AA00445021 /* PBXTargetDependency */,
			);
			name = AlamogUITests;
			productName = AlamogUITests;
			productReference = 95563514263541AA00445021 /* AlamogUITests.xctest */;
			productType = "com.apple.product-type.bundle.ui-testing";
		};
/* End PBXNativeTarget section */

/* Begin PBXProject section */
		955634EB263541A700445021 /* Project object */ = {
			isa = PBXProject;
			attributes = {
				LastSwiftUpdateCheck = 1230;
				LastUpgradeCheck = 1230;
				TargetAttributes = {
					955634F2263541A700445021 = {
						CreatedOnToolsVersion = 12.3;
					};
					95563508263541AA00445021 = {
						CreatedOnToolsVersion = 12.3;
						TestTargetID = 955634F2263541A700445021;
					};
					95563513263541AA00445021 = {
						CreatedOnToolsVersion = 12.3;
						TestTargetID = 955634F2263541A700445021;
					};
				};
			};
			buildConfigurationList = 955634EE263541A700445021 /* Build configuration list for PBXProject "Alamog" */;
			compatibilityVersion = "Xcode 9.3";
			developmentRegion = en;
			hasScannedForEncodings = 0;
			knownRegions = (
				en,
				Base,
			);
			mainGroup = 955634EA263541A700445021;
			productRefGroup = 955634F4263541A700445021 /* Products */;
			projectDirPath = "";
			projectRoot = "";
			targets = (
				955634F2263541A700445021 /* Alamog */,
				95563508263541AA00445021 /* AlamogTests */,
				95563513263541AA00445021 /* AlamogUITests */,
			);
		};
/* End PBXProject section */

/* Begin PBXResourcesBuildPhase section */
		955634F1263541A700445021 /* Resources */ = {
			isa = PBXResourcesBuildPhase;
			buildActionMask = 2147483647;
			files = (
				95563503263541AA00445021 /* LaunchScreen.storyboard in Resources */,
				95563500263541AA00445021 /* Assets.xcassets in Resources */,
				955634FE263541A700445021 /* Main.storyboard in Resources */,
			);
			runOnlyForDeploymentPostprocessing = 0;
		};
		95563507263541AA00445021 /* Resources */ = {
			isa = PBXResourcesBuildPhase;
			buildActionMask = 2147483647;
			files = (
			);
			runOnlyForDeploymentPostprocessing = 0;
		};
		95563512263541AA00445021 /* Resources */ = {
			isa = PBXResourcesBuildPhase;
			buildActionMask = 2147483647;
			files = (
			);
			runOnlyForDeploymentPostprocessing = 0;
		};
/* End PBXResourcesBuildPhase section */

/* Begin PBXSourcesBuildPhase section */
		955634EF263541A700445021 /* Sources */ = {
			isa = PBXSourcesBuildPhase;
			buildActionMask = 2147483647;
			files = (
				955634FB263541A700445021 /* ViewController.swift in Sources */,
				953566A226355FA5006045D5 /* Game.swift in Sources */,
				955634F7263541A700445021 /* AppDelegate.swift in Sources */,
				955634F9263541A700445021 /* SceneDelegate.swift in Sources */,
				9535669D26355F56006045D5 /* Card.swift in Sources */,
			);
			runOnlyForDeploymentPostprocessing = 0;
		};
		95563505263541AA00445021 /* Sources */ = {
			isa = PBXSourcesBuildPhase;
			buildActionMask = 2147483647;
			files = (
				9556350E263541AA00445021 /* AlamogTests.swift in Sources */,
			);
			runOnlyForDeploymentPostprocessing = 0;
		};
		95563510263541AA00445021 /* Sources */ = {
			isa = PBXSourcesBuildPhase;
			buildActionMask = 2147483647;
			files = (
				95563519263541AA00445021 /* AlamogUITests.swift in Sources */,
			);
			runOnlyForDeploymentPostprocessing = 0;
		};
/* End PBXSourcesBuildPhase section */

/* Begin PBXTargetDependency section */
		9556350B263541AA00445021 /* PBXTargetDependency */ = {
			isa = PBXTargetDependency;
			target = 955634F2263541A700445021 /* Alamog */;
			targetProxy = 9556350A263541AA00445021 /* PBXContainerItemProxy */;
		};
		95563516263541AA00445021 /* PBXTargetDependency */ = {
			isa = PBXTargetDependency;
			target = 955634F2263541A700445021 /* Alamog */;
			targetProxy = 95563515263541AA00445021 /* PBXContainerItemProxy */;
		};
/* End PBXTargetDependency section */

/* Begin PBXVariantGroup section */
		955634FC263541A700445021 /* Main.storyboard */ = {
			isa = PBXVariantGroup;
			children = (
				955634FD263541A700445021 /* Base */,
			);
			name = Main.storyboard;
			sourceTree = "<group>";
		};
		95563501263541AA00445021 /* LaunchScreen.storyboard */ = {
			isa = PBXVariantGroup;
			children = (
				95563502263541AA00445021 /* Base */,
			);
			name = LaunchScreen.storyboard;
			sourceTree = "<group>";
		};
/* End PBXVariantGroup section */

/* Begin XCBuildConfiguration section */
		9556351B263541AA00445021 /* Debug */ = {
			isa = XCBuildConfiguration;
			buildSettings = {
				ALWAYS_SEARCH_USER_PATHS = NO;
				CLANG_ANALYZER_NONNULL = YES;
				CLANG_ANALYZER_NUMBER_OBJECT_CONVERSION = YES_AGGRESSIVE;
				CLANG_CXX_LANGUAGE_STANDARD = "gnu++14";
				CLANG_CXX_LIBRARY = "libc++";
				CLANG_ENABLE_MODULES = YES;
				CLANG_ENABLE_OBJC_ARC = YES;
				CLANG_ENABLE_OBJC_WEAK = YES;
				CLANG_WARN_BLOCK_CAPTURE_AUTORELEASING = YES;
				CLANG_WARN_BOOL_CONVERSION = YES;
				CLANG_WARN_COMMA = YES;
				CLANG_WARN_CONSTANT_CONVERSION = YES;
				CLANG_WARN_DEPRECATED_OBJC_IMPLEMENTATIONS = YES;
				CLANG_WARN_DIRECT_OBJC_ISA_USAGE = YES_ERROR;
				CLANG_WARN_DOCUMENTATION_COMMENTS = YES;
				CLANG_WARN_EMPTY_BODY = YES;
				CLANG_WARN_ENUM_CONVERSION = YES;
				CLANG_WARN_INFINITE_RECURSION = YES;
				CLANG_WARN_INT_CONVERSION = YES;
				CLANG_WARN_NON_LITERAL_NULL_CONVERSION = YES;
				CLANG_WARN_OBJC_IMPLICIT_RETAIN_SELF = YES;
				CLANG_WARN_OBJC_LITERAL_CONVERSION = YES;
				CLANG_WARN_OBJC_ROOT_CLASS = YES_ERROR;
				CLANG_WARN_QUOTED_INCLUDE_IN_FRAMEWORK_HEADER = YES;
				CLANG_WARN_RANGE_LOOP_ANALYSIS = YES;
				CLANG_WARN_STRICT_PROTOTYPES = YES;
				CLANG_WARN_SUSPICIOUS_MOVE = YES;
				CLANG_WARN_UNGUARDED_AVAILABILITY = YES_AGGRESSIVE;
				CLANG_WARN_UNREACHABLE_CODE = YES;
				CLANG_WARN__DUPLICATE_METHOD_MATCH = YES;
				COPY_PHASE_STRIP = NO;
				DEBUG_INFORMATION_FORMAT = dwarf;
				ENABLE_STRICT_OBJC_MSGSEND = YES;
				ENABLE_TESTABILITY = YES;
				GCC_C_LANGUAGE_STANDARD = gnu11;
				GCC_DYNAMIC_NO_PIC = NO;
				GCC_NO_COMMON_BLOCKS = YES;
				GCC_OPTIMIZATION_LEVEL = 0;
				GCC_PREPROCESSOR_DEFINITIONS = (
					"DEBUG=1",
					"$(inherited)",
				);
				GCC_WARN_64_TO_32_BIT_CONVERSION = YES;
				GCC_WARN_ABOUT_RETURN_TYPE = YES_ERROR;
				GCC_WARN_UNDECLARED_SELECTOR = YES;
				GCC_WARN_UNINITIALIZED_AUTOS = YES_AGGRESSIVE;
				GCC_WARN_UNUSED_FUNCTION = YES;
				GCC_WARN_UNUSED_VARIABLE = YES;
				IPHONEOS_DEPLOYMENT_TARGET = 14.3;
				MTL_ENABLE_DEBUG_INFO = INCLUDE_SOURCE;
				MTL_FAST_MATH = YES;
				ONLY_ACTIVE_ARCH = YES;
				SDKROOT = iphoneos;
				SWIFT_ACTIVE_COMPILATION_CONDITIONS = DEBUG;
				SWIFT_OPTIMIZATION_LEVEL = "-Onone";
			};
			name = Debug;
		};
		9556351C263541AA00445021 /* Release */ = {
			isa = XCBuildConfiguration;
			buildSettings = {
				ALWAYS_SEARCH_USER_PATHS = NO;
				CLANG_ANALYZER_NONNULL = YES;
				CLANG_ANALYZER_NUMBER_OBJECT_CONVERSION = YES_AGGRESSIVE;
				CLANG_CXX_LANGUAGE_STANDARD = "gnu++14";
				CLANG_CXX_LIBRARY = "libc++";
				CLANG_ENABLE_MODULES = YES;
				CLANG_ENABLE_OBJC_ARC = YES;
				CLANG_ENABLE_OBJC_WEAK = YES;
				CLANG_WARN_BLOCK_CAPTURE_AUTORELEASING = YES;
				CLANG_WARN_BOOL_CONVERSION = YES;
				CLANG_WARN_COMMA = YES;
				CLANG_WARN_CONSTANT_CONVERSION = YES;
				CLANG_WARN_DEPRECATED_OBJC_IMPLEMENTATIONS = YES;
				CLANG_WARN_DIRECT_OBJC_ISA_USAGE = YES_ERROR;
				CLANG_WARN_DOCUMENTATION_COMMENTS = YES;
				CLANG_WARN_EMPTY_BODY = YES;
				CLANG_WARN_ENUM_CONVERSION = YES;
				CLANG_WARN_INFINITE_RECURSION = YES;
				CLANG_WARN_INT_CONVERSION = YES;
				CLANG_WARN_NON_LITERAL_NULL_CONVERSION = YES;
				CLANG_WARN_OBJC_IMPLICIT_RETAIN_SELF = YES;
				CLANG_WARN_OBJC_LITERAL_CONVERSION = YES;
				CLANG_WARN_OBJC_ROOT_CLASS = YES_ERROR;
				CLANG_WARN_QUOTED_INCLUDE_IN_FRAMEWORK_HEADER = YES;
				CLANG_WARN_RANGE_LOOP_ANALYSIS = YES;
				CLANG_WARN_STRICT_PROTOTYPES = YES;
				CLANG_WARN_SUSPICIOUS_MOVE = YES;
				CLANG_WARN_UNGUARDED_AVAILABILITY = YES_AGGRESSIVE;
				CLANG_WARN_UNREACHABLE_CODE = YES;
				CLANG_WARN__DUPLICATE_METHOD_MATCH = YES;
				COPY_PHASE_STRIP = NO;
				DEBUG_INFORMATION_FORMAT = "dwarf-with-dsym";
				ENABLE_NS_ASSERTIONS = NO;
				ENABLE_STRICT_OBJC_MSGSEND = YES;
				GCC_C_LANGUAGE_STANDARD = gnu11;
				GCC_NO_COMMON_BLOCKS = YES;
				GCC_WARN_64_TO_32_BIT_CONVERSION = YES;
				GCC_WARN_ABOUT_RETURN_TYPE = YES_ERROR;
				GCC_WARN_UNDECLARED_SELECTOR = YES;
				GCC_WARN_UNINITIALIZED_AUTOS = YES_AGGRESSIVE;
				GCC_WARN_UNUSED_FUNCTION = YES;
				GCC_WARN_UNUSED_VARIABLE = YES;
				IPHONEOS_DEPLOYMENT_TARGET = 14.3;
				MTL_ENABLE_DEBUG_INFO = NO;
				MTL_FAST_MATH = YES;
				SDKROOT = iphoneos;
				SWIFT_COMPILATION_MODE = wholemodule;
				SWIFT_OPTIMIZATION_LEVEL = "-O";
				VALIDATE_PRODUCT = YES;
			};
			name = Release;
		};
		9556351E263541AA00445021 /* Debug */ = {
			isa = XCBuildConfiguration;
			buildSettings = {
				ASSETCATALOG_COMPILER_APPICON_NAME = AppIcon;
				ASSETCATALOG_COMPILER_GLOBAL_ACCENT_COLOR_NAME = AccentColor;
				CODE_SIGN_STYLE = Automatic;
				DEVELOPMENT_TEAM = 9XMP9QNV74;
				INFOPLIST_FILE = Alamog/Info.plist;
				IPHONEOS_DEPLOYMENT_TARGET = 14.3;
				LD_RUNPATH_SEARCH_PATHS = (
					"$(inherited)",
					"@executable_path/Frameworks",
				);
				PRODUCT_BUNDLE_IDENTIFIER = "Nikolay-Komissarov.Alamog";
				PRODUCT_NAME = "$(TARGET_NAME)";
				SWIFT_VERSION = 5.0;
				TARGETED_DEVICE_FAMILY = "1,2";
			};
			name = Debug;
		};
		9556351F263541AA00445021 /* Release */ = {
			isa = XCBuildConfiguration;
			buildSettings = {
				ASSETCATALOG_COMPILER_APPICON_NAME = AppIcon;
				ASSETCATALOG_COMPILER_GLOBAL_ACCENT_COLOR_NAME = AccentColor;
				CODE_SIGN_STYLE = Automatic;
				DEVELOPMENT_TEAM = 9XMP9QNV74;
				INFOPLIST_FILE = Alamog/Info.plist;
				IPHONEOS_DEPLOYMENT_TARGET = 14.3;
				LD_RUNPATH_SEARCH_PATHS = (
					"$(inherited)",
					"@executable_path/Frameworks",
				);
				PRODUCT_BUNDLE_IDENTIFIER = "Nikolay-Komissarov.Alamog";
				PRODUCT_NAME = "$(TARGET_NAME)";
				SWIFT_VERSION = 5.0;
				TARGETED_DEVICE_FAMILY = "1,2";
			};
			name = Release;
		};
		95563521263541AA00445021 /* Debug */ = {
			isa = XCBuildConfiguration;
			buildSettings = {
				ALWAYS_EMBED_SWIFT_STANDARD_LIBRARIES = YES;
				BUNDLE_LOADER = "$(TEST_HOST)";
				CODE_SIGN_STYLE = Automatic;
				DEVELOPMENT_TEAM = 9XMP9QNV74;
				INFOPLIST_FILE = AlamogTests/Info.plist;
				IPHONEOS_DEPLOYMENT_TARGET = 14.3;
				LD_RUNPATH_SEARCH_PATHS = (
					"$(inherited)",
					"@executable_path/Frameworks",
					"@loader_path/Frameworks",
				);
				PRODUCT_BUNDLE_IDENTIFIER = "Nikolay-Komissarov.AlamogTests";
				PRODUCT_NAME = "$(TARGET_NAME)";
				SWIFT_VERSION = 5.0;
				TARGETED_DEVICE_FAMILY = "1,2";
				TEST_HOST = "$(BUILT_PRODUCTS_DIR)/Alamog.app/Alamog";
			};
			name = Debug;
		};
		95563522263541AA00445021 /* Release */ = {
			isa = XCBuildConfiguration;
			buildSettings = {
				ALWAYS_EMBED_SWIFT_STANDARD_LIBRARIES = YES;
				BUNDLE_LOADER = "$(TEST_HOST)";
				CODE_SIGN_STYLE = Automatic;
				DEVELOPMENT_TEAM = 9XMP9QNV74;
				INFOPLIST_FILE = AlamogTests/Info.plist;
				IPHONEOS_DEPLOYMENT_TARGET = 14.3;
				LD_RUNPATH_SEARCH_PATHS = (
					"$(inherited)",
					"@executable_path/Frameworks",
					"@loader_path/Frameworks",
				);
				PRODUCT_BUNDLE_IDENTIFIER = "Nikolay-Komissarov.AlamogTests";
				PRODUCT_NAME = "$(TARGET_NAME)";
				SWIFT_VERSION = 5.0;
				TARGETED_DEVICE_FAMILY = "1,2";
				TEST_HOST = "$(BUILT_PRODUCTS_DIR)/Alamog.app/Alamog";
			};
			name = Release;
		};
		95563524263541AA00445021 /* Debug */ = {
			isa = XCBuildConfiguration;
			buildSettings = {
				ALWAYS_EMBED_SWIFT_STANDARD_LIBRARIES = YES;
				CODE_SIGN_STYLE = Automatic;
				DEVELOPMENT_TEAM = 9XMP9QNV74;
				INFOPLIST_FILE = AlamogUITests/Info.plist;
				LD_RUNPATH_SEARCH_PATHS = (
					"$(inherited)",
					"@executable_path/Frameworks",
					"@loader_path/Frameworks",
				);
				PRODUCT_BUNDLE_IDENTIFIER = "Nikolay-Komissarov.AlamogUITests";
				PRODUCT_NAME = "$(TARGET_NAME)";
				SWIFT_VERSION = 5.0;
				TARGETED_DEVICE_FAMILY = "1,2";
				TEST_TARGET_NAME = Alamog;
			};
			name = Debug;
		};
		95563525263541AA00445021 /* Release */ = {
			isa = XCBuildConfiguration;
			buildSettings = {
				ALWAYS_EMBED_SWIFT_STANDARD_LIBRARIES = YES;
				CODE_SIGN_STYLE = Automatic;
				DEVELOPMENT_TEAM = 9XMP9QNV74;
				INFOPLIST_FILE = AlamogUITests/Info.plist;
				LD_RUNPATH_SEARCH_PATHS = (
					"$(inherited)",
					"@executable_path/Frameworks",
					"@loader_path/Frameworks",
				);
				PRODUCT_BUNDLE_IDENTIFIER = "Nikolay-Komissarov.AlamogUITests";
				PRODUCT_NAME = "$(TARGET_NAME)";
				SWIFT_VERSION = 5.0;
				TARGETED_DEVICE_FAMILY = "1,2";
				TEST_TARGET_NAME = Alamog;
			};
			name = Release;
		};
/* End XCBuildConfiguration section */

/* Begin XCConfigurationList section */
		955634EE263541A700445021 /* Build configuration list for PBXProject "Alamog" */ = {
			isa = XCConfigurationList;
			buildConfigurations = (
				9556351B263541AA00445021 /* Debug */,
				9556351C263541AA00445021 /* Release */,
			);
			defaultConfigurationIsVisible = 0;
			defaultConfigurationName = Release;
		};
		9556351D263541AA00445021 /* Build configuration list for PBXNativeTarget "Alamog" */ = {
			isa = XCConfigurationList;
			buildConfigurations = (
				9556351E263541AA00445021 /* Debug */,
				9556351F263541AA00445021 /* Release */,
			);
			defaultConfigurationIsVisible = 0;
			defaultConfigurationName = Release;
		};
		95563520263541AA00445021 /* Build configuration list for PBXNativeTarget "AlamogTests" */ = {
			isa = XCConfigurationList;
			buildConfigurations = (
				95563521263541AA00445021 /* Debug */,
				95563522263541AA00445021 /* Release */,
			);
			defaultConfigurationIsVisible = 0;
			defaultConfigurationName = Release;
		};
		95563523263541AA00445021 /* Build configuration list for PBXNativeTarget "AlamogUITests" */ = {
			isa = XCConfigurationList;
			buildConfigurations = (
				95563524263541AA00445021 /* Debug */,
				95563525263541AA00445021 /* Release */,
			);
			defaultConfigurationIsVisible = 0;
			defaultConfigurationName = Release;
		};
/* End XCConfigurationList section */
	};
	rootObject = 955634EB263541A700445021 /* Project object */;
}
